{
  "meteor": {},
  "dependencies": {
    "basePackages": {
      "iron-router": {},
      "smartfile": {
        "path": "../../js/meteor-smartfile"
      },
      "imagemagick": {}
    },
    "packages": {
      "iron-router": {
        "git": "https://github.com/EventedMind/iron-router.git",
        "tag": "v0.5.4",
        "commit": "3e0e22ff85630b7503d0daa1538c6d90abb84020"
      },
      "smartfile": {
        "path": "../../js/meteor-smartfile"
      },
      "imagemagick": {
        "git": "https://github.com/sylvaingi/meteor-imagemagick.git",
        "tag": "v0.1.2",
        "commit": "d67bb926356d35cdff1a6d6c3c69750f3f54c059"
      }
    }
  }
}
